
Microsoft Visual Studio Solution File, Format Version 12.00
# Visual Studio Version 16
VisualStudioVersion = 16.0.31025.218
MinimumVisualStudioVersion = 10.0.40219.1
Project("{FAE04EC0-301F-11D3-BF4B-00C04F79EFBC}") = "GameMath", "GameMath.csproj", "{B9B2D995-8B11-4CE3-83AC-810FD24AB9FF}"
EndProject
Global
	GlobalSection(SolutionConfigurationPlatforms) = preSolution
		Debug|Any CPU = Debug|Any CPU
		Release|Any CPU = Release|Any CPU
	EndGlobalSection
	GlobalSection(ProjectConfigurationPlatforms) = postSolution
		{B9B2D995-8B11-4CE3-83AC-810FD24AB9FF}.Debug|Any CPU.ActiveCfg = Debug|Any CPU
		{B9B2D995-8B11-4CE3-83AC-810FD24AB9FF}.Debug|Any CPU.Build.0 = Debug|Any CPU
		{B9B2D995-8B11-4CE3-83AC-810FD24AB9FF}.Release|Any CPU.ActiveCfg = Release|Any CPU
		{B9B2D995-8B11-4CE3-83AC-810FD24AB9FF}.Release|Any CPU.Build.0 = Release|Any CPU
	EndGlobalSection
	GlobalSection(SolutionProperties) = preSolution
		HideSolutionNode = FALSE
	EndGlobalSection
	GlobalSection(ExtensibilityGlobals) = postSolution
		SolutionGuid = {BCAFE704-AAD6-4FE5-AFDF-E0AAA2A9A9E0}
	EndGlobalSection
EndGlobal
